
Microsoft Visual Studio Solution File, Format Version 12.00
# Visual Studio 15
VisualStudioVersion = 15.0.26430.14
MinimumVisualStudioVersion = 10.0.40219.1
Project("{FAE04EC0-301F-11D3-BF4B-00C04F79EFBC}") = "youtuber", "youtuber\youtuber.csproj", "{32C40798-8DDB-486A-93BB-2C0A6E82CCF6}"
EndProject
Project("{FAE04EC0-301F-11D3-BF4B-00C04F79EFBC}") = "youtubertest", "youtubertest\youtubertest.csproj", "{F4FA16EA-2E5F-4A1F-B43C-D5096779090F}"
EndProject
Project("{FAE04EC0-301F-11D3-BF4B-00C04F79EFBC}") = "youtuberExample", "youtuberExample\youtuberExample.csproj", "{F58414A2-2610-4FBB-BBFF-724051EF1391}"
EndProject
Global
	GlobalSection(SolutionConfigurationPlatforms) = preSolution
		Debug|Any CPU = Debug|Any CPU
		Release|Any CPU = Release|Any CPU
	EndGlobalSection
	GlobalSection(ProjectConfigurationPlatforms) = postSolution
		{32C40798-8DDB-486A-93BB-2C0A6E82CCF6}.Debug|Any CPU.ActiveCfg = Debug|Any CPU
		{32C40798-8DDB-486A-93BB-2C0A6E82CCF6}.Debug|Any CPU.Build.0 = Debug|Any CPU
		{32C40798-8DDB-486A-93BB-2C0A6E82CCF6}.Release|Any CPU.ActiveCfg = Release|Any CPU
		{32C40798-8DDB-486A-93BB-2C0A6E82CCF6}.Release|Any CPU.Build.0 = Release|Any CPU
		{F4FA16EA-2E5F-4A1F-B43C-D5096779090F}.Debug|Any CPU.ActiveCfg = Debug|Any CPU
		{F4FA16EA-2E5F-4A1F-B43C-D5096779090F}.Debug|Any CPU.Build.0 = Debug|Any CPU
		{F4FA16EA-2E5F-4A1F-B43C-D5096779090F}.Release|Any CPU.ActiveCfg = Release|Any CPU
		{F4FA16EA-2E5F-4A1F-B43C-D5096779090F}.Release|Any CPU.Build.0 = Release|Any CPU
		{F58414A2-2610-4FBB-BBFF-724051EF1391}.Debug|Any CPU.ActiveCfg = Debug|Any CPU
		{F58414A2-2610-4FBB-BBFF-724051EF1391}.Debug|Any CPU.Build.0 = Debug|Any CPU
		{F58414A2-2610-4FBB-BBFF-724051EF1391}.Release|Any CPU.ActiveCfg = Release|Any CPU
		{F58414A2-2610-4FBB-BBFF-724051EF1391}.Release|Any CPU.Build.0 = Release|Any CPU
	EndGlobalSection
	GlobalSection(SolutionProperties) = preSolution
		HideSolutionNode = FALSE
	EndGlobalSection
EndGlobal
